// !$*UTF8*$!
{
	archiveVersion = 1;
	classes = {
	};
	objectVersion = 46;
	objects = {

/* Begin PBXBuildFile section */
		DD2C36BD1DE1D4EC002294A6 /* AppDelegate.swift in Sources */ = {isa = PBXBuildFile; fileRef = DD2C36BC1DE1D4EC002294A6 /* AppDelegate.swift */; };
		DD2C36BF1DE1D4EC002294A6 /* ViewController.swift in Sources */ = {isa = PBXBuildFile; fileRef = DD2C36BE1DE1D4EC002294A6 /* ViewController.swift */; };
		DD2C36C21DE1D4EC002294A6 /* Main.storyboard in Resources */ = {isa = PBXBuildFile; fileRef = DD2C36C01DE1D4EC002294A6 /* Main.storyboard */; };
		DD2C36C41DE1D4EC002294A6 /* Assets.xcassets in Resources */ = {isa = PBXBuildFile; fileRef = DD2C36C31DE1D4EC002294A6 /* Assets.xcassets */; };
		DD2C36C71DE1D4EC002294A6 /* LaunchScreen.storyboard in Resources */ = {isa = PBXBuildFile; fileRef = DD2C36C51DE1D4EC002294A6 /* LaunchScreen.storyboard */; };
		DD2C36CF1DE1DA7C002294A6 /* PaymentApi.swift in Sources */ = {isa = PBXBuildFile; fileRef = DD2C36CE1DE1DA7C002294A6 /* PaymentApi.swift */; };
/* End PBXBuildFile section */

/* Begin PBXFileReference section */
		DD2C36B91DE1D4EC002294A6 /* appswitch.app */ = {isa = PBXFileReference; explicitFileType = wrapper.application; includeInIndex = 0; path = appswitch.app; sourceTree = BUILT_PRODUCTS_DIR; };
		DD2C36BC1DE1D4EC002294A6 /* AppDelegate.swift */ = {isa = PBXFileReference; lastKnownFileType = sourcecode.swift; path = AppDelegate.swift; sourceTree = "<group>"; };
		DD2C36BE1DE1D4EC002294A6 /* ViewController.swift */ = {isa = PBXFileReference; lastKnownFileType = sourcecode.swift; path = ViewController.swift; sourceTree = "<group>"; };
		DD2C36C11DE1D4EC002294A6 /* Base */ = {isa = PBXFileReference; lastKnownFileType = file.storyboard; name = Base; path = Base.lproj/Main.storyboard; sourceTree = "<group>"; };
		DD2C36C31DE1D4EC002294A6 /* Assets.xcassets */ = {isa = PBXFileReference; lastKnownFileType = folder.assetcatalog; path = Assets.xcassets; sourceTree = "<group>"; };
		DD2C36C61DE1D4EC002294A6 /* Base */ = {isa = PBXFileReference; lastKnownFileType = file.storyboard; name = Base; path = Base.lproj/LaunchScreen.storyboard; sourceTree = "<group>"; };
		DD2C36C81DE1D4EC002294A6 /* Info.plist */ = {isa = PBXFileReference; lastKnownFileType = text.plist.xml; path = Info.plist; sourceTree = "<group>"; };
		DD2C36CE1DE1DA7C002294A6 /* PaymentApi.swift */ = {isa = PBXFileReference; fileEncoding = 4; lastKnownFileType = sourcecode.swift; path = PaymentApi.swift; sourceTree = "<group>"; };
/* End PBXFileReference section */

/* Begin PBXFrameworksBuildPhase section */
		DD2C36B61DE1D4EC002294A6 /* Frameworks */ = {
			isa = PBXFrameworksBuildPhase;
			buildActionMask = 2147483647;
			files = (
			);
			runOnlyForDeploymentPostprocessing = 0;
		};
/* End PBXFrameworksBuildPhase section */

/* Begin PBXGroup section */
		DD2C36B01DE1D4EC002294A6 = {
			isa = PBXGroup;
			children = (
				DD2C36BB1DE1D4EC002294A6 /* appswitch */,
				DD2C36BA1DE1D4EC002294A6 /* Products */,
			);
			sourceTree = "<group>";
		};
		DD2C36BA1DE1D4EC002294A6 /* Products */ = {
			isa = PBXGroup;
			children = (
				DD2C36B91DE1D4EC002294A6 /* appswitch.app */,
			);
			name = Products;
			sourceTree = "<group>";
		};
		DD2C36BB1DE1D4EC002294A6 /* appswitch */ = {
			isa = PBXGroup;
			children = (
				DD2C36BC1DE1D4EC002294A6 /* AppDelegate.swift */,
				DD2C36BE1DE1D4EC002294A6 /* ViewController.swift */,
				DD2C36C01DE1D4EC002294A6 /* Main.storyboard */,
				DD2C36C31DE1D4EC002294A6 /* Assets.xcassets */,
				DD2C36C51DE1D4EC002294A6 /* LaunchScreen.storyboard */,
				DD2C36C81DE1D4EC002294A6 /* Info.plist */,
				DD2C36CE1DE1DA7C002294A6 /* PaymentApi.swift */,
			);
			path = appswitch;
			sourceTree = "<group>";
		};
/* End PBXGroup section */

/* Begin PBXNativeTarget section */
		DD2C36B81DE1D4EC002294A6 /* appswitch */ = {
			isa = PBXNativeTarget;
			buildConfigurationList = DD2C36CB1DE1D4EC002294A6 /* Build configuration list for PBXNativeTarget "appswitch" */;
			buildPhases = (
				DD2C36B51DE1D4EC002294A6 /* Sources */,
				DD2C36B61DE1D4EC002294A6 /* Frameworks */,
				DD2C36B71DE1D4EC002294A6 /* Resources */,
			);
			buildRules = (
			);
			dependencies = (
			);
			name = appswitch;
			productName = appswitch;
			productReference = DD2C36B91DE1D4EC002294A6 /* appswitch.app */;
			productType = "com.apple.product-type.application";
		};
/* End PBXNativeTarget section */

/* Begin PBXProject section */
		DD2C36B11DE1D4EC002294A6 /* Project object */ = {
			isa = PBXProject;
			attributes = {
				LastSwiftUpdateCheck = 0810;
				LastUpgradeCheck = 0810;
				ORGANIZATIONNAME = "Joachim Krüger";
				TargetAttributes = {
					DD2C36B81DE1D4EC002294A6 = {
						CreatedOnToolsVersion = 8.1;
						DevelopmentTeam = 3X7ZB29BLR;
						ProvisioningStyle = Automatic;
					};
				};
			};
			buildConfigurationList = DD2C36B41DE1D4EC002294A6 /* Build configuration list for PBXProject "appswitch" */;
			compatibilityVersion = "Xcode 3.2";
			developmentRegion = English;
			hasScannedForEncodings = 0;
			knownRegions = (
				en,
				Base,
			);
			mainGroup = DD2C36B01DE1D4EC002294A6;
			productRefGroup = DD2C36BA1DE1D4EC002294A6 /* Products */;
			projectDirPath = "";
			projectRoot = "";
			targets = (
				DD2C36B81DE1D4EC002294A6 /* appswitch */,
			);
		};
/* End PBXProject section */

/* Begin PBXResourcesBuildPhase section */
		DD2C36B71DE1D4EC002294A6 /* Resources */ = {
			isa = PBXResourcesBuildPhase;
			buildActionMask = 2147483647;
			files = (
				DD2C36C71DE1D4EC002294A6 /* LaunchScreen.storyboard in Resources */,
				DD2C36C41DE1D4EC002294A6 /* Assets.xcassets in Resources */,
				DD2C36C21DE1D4EC002294A6 /* Main.storyboard in Resources */,
			);
			runOnlyForDeploymentPostprocessing = 0;
		};
/* End PBXResourcesBuildPhase section */

/* Begin PBXSourcesBuildPhase section */
		DD2C36B51DE1D4EC002294A6 /* Sources */ = {
			isa = PBXSourcesBuildPhase;
			buildActionMask = 2147483647;
			files = (
				DD2C36CF1DE1DA7C002294A6 /* PaymentApi.swift in Sources */,
				DD2C36BF1DE1D4EC002294A6 /* ViewController.swift in Sources */,
				DD2C36BD1DE1D4EC002294A6 /* AppDelegate.swift in Sources */,
			);
			runOnlyForDeploymentPostprocessing = 0;
		};
/* End PBXSourcesBuildPhase section */

/* Begin PBXVariantGroup section */
		DD2C36C01DE1D4EC002294A6 /* Main.storyboard */ = {
			isa = PBXVariantGroup;
			children = (
				DD2C36C11DE1D4EC002294A6 /* Base */,
			);
			name = Main.storyboard;
			sourceTree = "<group>";
		};
		DD2C36C51DE1D4EC002294A6 /* LaunchScreen.storyboard */ = {
			isa = PBXVariantGroup;
			children = (
				DD2C36C61DE1D4EC002294A6 /* Base */,
			);
			name = LaunchScreen.storyboard;
			sourceTree = "<group>";
		};
/* End PBXVariantGroup section */

/* Begin XCBuildConfiguration section */
		DD2C36C91DE1D4EC002294A6 /* Debug */ = {
			isa = XCBuildConfiguration;
			buildSettings = {
				ALWAYS_SEARCH_USER_PATHS = NO;
				CLANG_ANALYZER_NONNULL = YES;
				CLANG_CXX_LANGUAGE_STANDARD = "gnu++0x";
				CLANG_CXX_LIBRARY = "libc++";
				CLANG_ENABLE_MODULES = YES;
				CLANG_ENABLE_OBJC_ARC = YES;
				CLANG_WARN_BOOL_CONVERSION = YES;
				CLANG_WARN_CONSTANT_CONVERSION = YES;
				CLANG_WARN_DIRECT_OBJC_ISA_USAGE = YES_ERROR;
				CLANG_WARN_DOCUMENTATION_COMMENTS = YES;
				CLANG_WARN_EMPTY_BODY = YES;
				CLANG_WARN_ENUM_CONVERSION = YES;
				CLANG_WARN_INFINITE_RECURSION = YES;
				CLANG_WARN_INT_CONVERSION = YES;
				CLANG_WARN_OBJC_ROOT_CLASS = YES_ERROR;
				CLANG_WARN_SUSPICIOUS_MOVES = YES;
				CLANG_WARN_UNREACHABLE_CODE = YES;
				CLANG_WARN__DUPLICATE_METHOD_MATCH = YES;
				"CODE_SIGN_IDENTITY[sdk=iphoneos*]" = "iPhone Developer";
				COPY_PHASE_STRIP = NO;
				DEBUG_INFORMATION_FORMAT = dwarf;
				ENABLE_STRICT_OBJC_MSGSEND = YES;
				ENABLE_TESTABILITY = YES;
				GCC_C_LANGUAGE_STANDARD = gnu99;
				GCC_DYNAMIC_NO_PIC = NO;
				GCC_NO_COMMON_BLOCKS = YES;
				GCC_OPTIMIZATION_LEVEL = 0;
				GCC_PREPROCESSOR_DEFINITIONS = (
					"DEBUG=1",
					"$(inherited)",
				);
				GCC_WARN_64_TO_32_BIT_CONVERSION = YES;
				GCC_WARN_ABOUT_RETURN_TYPE = YES_ERROR;
				GCC_WARN_UNDECLARED_SELECTOR = YES;
				GCC_WARN_UNINITIALIZED_AUTOS = YES_AGGRESSIVE;
				GCC_WARN_UNUSED_FUNCTION = YES;
				GCC_WARN_UNUSED_VARIABLE = YES;
				IPHONEOS_DEPLOYMENT_TARGET = 10.1;
				MTL_ENABLE_DEBUG_INFO = YES;
				ONLY_ACTIVE_ARCH = YES;
				SDKROOT = iphoneos;
				SWIFT_ACTIVE_COMPILATION_CONDITIONS = DEBUG;
				SWIFT_OPTIMIZATION_LEVEL = "-Onone";
				TARGETED_DEVICE_FAMILY = "1,2";
			};
			name = Debug;
		};
		DD2C36CA1DE1D4EC002294A6 /* Release */ = {
			isa = XCBuildConfiguration;
			buildSettings = {
				ALWAYS_SEARCH_USER_PATHS = NO;
				CLANG_ANALYZER_NONNULL = YES;
				CLANG_CXX_LANGUAGE_STANDARD = "gnu++0x";
				CLANG_CXX_LIBRARY = "libc++";
				CLANG_ENABLE_MODULES = YES;
				CLANG_ENABLE_OBJC_ARC = YES;
				CLANG_WARN_BOOL_CONVERSION = YES;
				CLANG_WARN_CONSTANT_CONVERSION = YES;
				CLANG_WARN_DIRECT_OBJC_ISA_USAGE = YES_ERROR;
				CLANG_WARN_DOCUMENTATION_COMMENTS = YES;
				CLANG_WARN_EMPTY_BODY = YES;
				CLANG_WARN_ENUM_CONVERSION = YES;
				CLANG_WARN_INFINITE_RECURSION = YES;
				CLANG_WARN_INT_CONVERSION = YES;
				CLANG_WARN_OBJC_ROOT_CLASS = YES_ERROR;
				CLANG_WARN_SUSPICIOUS_MOVES = YES;
				CLANG_WARN_UNREACHABLE_CODE = YES;
				CLANG_WARN__DUPLICATE_METHOD_MATCH = YES;
				"CODE_SIGN_IDENTITY[sdk=iphoneos*]" = "iPhone Developer";
				COPY_PHASE_STRIP = NO;
				DEBUG_INFORMATION_FORMAT = "dwarf-with-dsym";
				ENABLE_NS_ASSERTIONS = NO;
				ENABLE_STRICT_OBJC_MSGSEND = YES;
				GCC_C_LANGUAGE_STANDARD = gnu99;
				GCC_NO_COMMON_BLOCKS = YES;
				GCC_WARN_64_TO_32_BIT_CONVERSION = YES;
				GCC_WARN_ABOUT_RETURN_TYPE = YES_ERROR;
				GCC_WARN_UNDECLARED_SELECTOR = YES;
				GCC_WARN_UNINITIALIZED_AUTOS = YES_AGGRESSIVE;
				GCC_WARN_UNUSED_FUNCTION = YES;
				GCC_WARN_UNUSED_VARIABLE = YES;
				IPHONEOS_DEPLOYMENT_TARGET = 10.1;
				MTL_ENABLE_DEBUG_INFO = NO;
				SDKROOT = iphoneos;
				SWIFT_OPTIMIZATION_LEVEL = "-Owholemodule";
				TARGETED_DEVICE_FAMILY = "1,2";
				VALIDATE_PRODUCT = YES;
			};
			name = Release;
		};
		DD2C36CC1DE1D4EC002294A6 /* Debug */ = {
			isa = XCBuildConfiguration;
			buildSettings = {
				ASSETCATALOG_COMPILER_APPICON_NAME = AppIcon;
				DEVELOPMENT_TEAM = 3X7ZB29BLR;
				INFOPLIST_FILE = appswitch/Info.plist;
				LD_RUNPATH_SEARCH_PATHS = "$(inherited) @executable_path/Frameworks";
				PRODUCT_BUNDLE_IDENTIFIER = com.mcash.appswitch;
				PRODUCT_NAME = "$(TARGET_NAME)";
				SWIFT_VERSION = 3.0;
			};
			name = Debug;
		};
		DD2C36CD1DE1D4EC002294A6 /* Release */ = {
			isa = XCBuildConfiguration;
			buildSettings = {
				ASSETCATALOG_COMPILER_APPICON_NAME = AppIcon;
				DEVELOPMENT_TEAM = 3X7ZB29BLR;
				INFOPLIST_FILE = appswitch/Info.plist;
				LD_RUNPATH_SEARCH_PATHS = "$(inherited) @executable_path/Frameworks";
				PRODUCT_BUNDLE_IDENTIFIER = com.mcash.appswitch;
				PRODUCT_NAME = "$(TARGET_NAME)";
				SWIFT_VERSION = 3.0;
			};
			name = Release;
		};
/* End XCBuildConfiguration section */

/* Begin XCConfigurationList section */
		DD2C36B41DE1D4EC002294A6 /* Build configuration list for PBXProject "appswitch" */ = {
			isa = XCConfigurationList;
			buildConfigurations = (
				DD2C36C91DE1D4EC002294A6 /* Debug */,
				DD2C36CA1DE1D4EC002294A6 /* Release */,
			);
			defaultConfigurationIsVisible = 0;
			defaultConfigurationName = Release;
		};
		DD2C36CB1DE1D4EC002294A6 /* Build configuration list for PBXNativeTarget "appswitch" */ = {
			isa = XCConfigurationList;
			buildConfigurations = (
				DD2C36CC1DE1D4EC002294A6 /* Debug */,
				DD2C36CD1DE1D4EC002294A6 /* Release */,
			);
			defaultConfigurationIsVisible = 0;
			defaultConfigurationName = Release;
		};
/* End XCConfigurationList section */
	};
	rootObject = DD2C36B11DE1D4EC002294A6 /* Project object */;
}
